
Microsoft Visual Studio Solution File, Format Version 12.00
# Visual Studio Version 16
VisualStudioVersion = 16.0.28803.202
MinimumVisualStudioVersion = 10.0.40219.1
Project("{FAE04EC0-301F-11D3-BF4B-00C04F79EFBC}") = "KreativerName", "KreativerName\KreativerName.csproj", "{3C0DC7E1-FB32-4FA5-B683-BF726CF8F472}"
EndProject
Project("{FAE04EC0-301F-11D3-BF4B-00C04F79EFBC}") = "Test", "Test\Test.csproj", "{F77E6C82-8581-45C8-BE00-2764AFE184F2}"
EndProject
Global
	GlobalSection(SolutionConfigurationPlatforms) = preSolution
		Debug|Any CPU = Debug|Any CPU
		Release|Any CPU = Release|Any CPU
	EndGlobalSection
	GlobalSection(ProjectConfigurationPlatforms) = postSolution
		{3C0DC7E1-FB32-4FA5-B683-BF726CF8F472}.Debug|Any CPU.ActiveCfg = Debug|Any CPU
		{3C0DC7E1-FB32-4FA5-B683-BF726CF8F472}.Debug|Any CPU.Build.0 = Debug|Any CPU
		{3C0DC7E1-FB32-4FA5-B683-BF726CF8F472}.Release|Any CPU.ActiveCfg = Release|Any CPU
		{3C0DC7E1-FB32-4FA5-B683-BF726CF8F472}.Release|Any CPU.Build.0 = Release|Any CPU
		{F77E6C82-8581-45C8-BE00-2764AFE184F2}.Debug|Any CPU.ActiveCfg = Debug|Any CPU
		{F77E6C82-8581-45C8-BE00-2764AFE184F2}.Debug|Any CPU.Build.0 = Debug|Any CPU
		{F77E6C82-8581-45C8-BE00-2764AFE184F2}.Release|Any CPU.ActiveCfg = Release|Any CPU
		{F77E6C82-8581-45C8-BE00-2764AFE184F2}.Release|Any CPU.Build.0 = Release|Any CPU
	EndGlobalSection
	GlobalSection(SolutionProperties) = preSolution
		HideSolutionNode = FALSE
	EndGlobalSection
	GlobalSection(ExtensibilityGlobals) = postSolution
		SolutionGuid = {C269D61B-89B5-4482-A1A1-B2BE1D979E60}
	EndGlobalSection
EndGlobal
